
Microsoft Visual Studio Solution File, Format Version 12.00
# Visual Studio Version 16
VisualStudioVersion = 16.0.31229.75
MinimumVisualStudioVersion = 10.0.40219.1
Project("{8BC9CEB8-8B4A-11D0-8D11-00A0C91BC942}") = "FilmApp", "FilmApp\FilmApp.vcxproj", "{8A6DCE78-48A9-43A4-B2CD-97E1E92B5A2B}"
EndProject
Global
	GlobalSection(SolutionConfigurationPlatforms) = preSolution
		Debug|x64 = Debug|x64
		Debug|x86 = Debug|x86
		Release|x64 = Release|x64
		Release|x86 = Release|x86
	EndGlobalSection
	GlobalSection(ProjectConfigurationPlatforms) = postSolution
		{8A6DCE78-48A9-43A4-B2CD-97E1E92B5A2B}.Debug|x64.ActiveCfg = Debug|x64
		{8A6DCE78-48A9-43A4-B2CD-97E1E92B5A2B}.Debug|x64.Build.0 = Debug|x64
		{8A6DCE78-48A9-43A4-B2CD-97E1E92B5A2B}.Debug|x86.ActiveCfg = Debug|Win32
		{8A6DCE78-48A9-43A4-B2CD-97E1E92B5A2B}.Debug|x86.Build.0 = Debug|Win32
		{8A6DCE78-48A9-43A4-B2CD-97E1E92B5A2B}.Release|x64.ActiveCfg = Release|x64
		{8A6DCE78-48A9-43A4-B2CD-97E1E92B5A2B}.Release|x64.Build.0 = Release|x64
		{8A6DCE78-48A9-43A4-B2CD-97E1E92B5A2B}.Release|x86.ActiveCfg = Release|Win32
		{8A6DCE78-48A9-43A4-B2CD-97E1E92B5A2B}.Release|x86.Build.0 = Release|Win32
	EndGlobalSection
	GlobalSection(SolutionProperties) = preSolution
		HideSolutionNode = FALSE
	EndGlobalSection
	GlobalSection(ExtensibilityGlobals) = postSolution
		SolutionGuid = {819B50D2-FEFA-46F9-80D0-3D81A5E294FA}
	EndGlobalSection
EndGlobal
